
Microsoft Visual Studio Solution File, Format Version 11.00
# Visual Studio 2010
Project("{FAE04EC0-301F-11D3-BF4B-00C04F79EFBC}") = "Assembly-CSharp", "Assembly-CSharp.csproj", "{2D64FD69-1EEC-0AB2-3221-115701DDC6FE}"
EndProject
Project("{FAE04EC0-301F-11D3-BF4B-00C04F79EFBC}") = "Assembly-CSharp-Editor", "Assembly-CSharp-Editor.csproj", "{1BF1F4BA-5DE6-D600-05CF-0B6A88A12400}"
EndProject
Global
	GlobalSection(SolutionConfigurationPlatforms) = preSolution
		Debug|Any CPU = Debug|Any CPU
		Release|Any CPU = Release|Any CPU
	EndGlobalSection
	GlobalSection(ProjectConfigurationPlatforms) = postSolution
		{2D64FD69-1EEC-0AB2-3221-115701DDC6FE}.Debug|Any CPU.ActiveCfg = Debug|Any CPU
		{2D64FD69-1EEC-0AB2-3221-115701DDC6FE}.Debug|Any CPU.Build.0 = Debug|Any CPU
		{2D64FD69-1EEC-0AB2-3221-115701DDC6FE}.Release|Any CPU.ActiveCfg = Release|Any CPU
		{2D64FD69-1EEC-0AB2-3221-115701DDC6FE}.Release|Any CPU.Build.0 = Release|Any CPU
		{1BF1F4BA-5DE6-D600-05CF-0B6A88A12400}.Debug|Any CPU.ActiveCfg = Debug|Any CPU
		{1BF1F4BA-5DE6-D600-05CF-0B6A88A12400}.Debug|Any CPU.Build.0 = Debug|Any CPU
		{1BF1F4BA-5DE6-D600-05CF-0B6A88A12400}.Release|Any CPU.ActiveCfg = Release|Any CPU
		{1BF1F4BA-5DE6-D600-05CF-0B6A88A12400}.Release|Any CPU.Build.0 = Release|Any CPU
	EndGlobalSection
	GlobalSection(SolutionProperties) = preSolution
		HideSolutionNode = FALSE
	EndGlobalSection
EndGlobal
